
Microsoft Visual Studio Solution File, Format Version 12.00
# Visual Studio Version 16
VisualStudioVersion = 16.0.31205.134
MinimumVisualStudioVersion = 10.0.40219.1
Project("{FAE04EC0-301F-11D3-BF4B-00C04F79EFBC}") = "LearningList", "LearningList\LearningList.csproj", "{2355E4BE-0D17-4DC6-906C-E2303CF49DEF}"
EndProject
Global
	GlobalSection(SolutionConfigurationPlatforms) = preSolution
		Debug|Any CPU = Debug|Any CPU
		Release|Any CPU = Release|Any CPU
	EndGlobalSection
	GlobalSection(ProjectConfigurationPlatforms) = postSolution
		{2355E4BE-0D17-4DC6-906C-E2303CF49DEF}.Debug|Any CPU.ActiveCfg = Debug|Any CPU
		{2355E4BE-0D17-4DC6-906C-E2303CF49DEF}.Debug|Any CPU.Build.0 = Debug|Any CPU
		{2355E4BE-0D17-4DC6-906C-E2303CF49DEF}.Release|Any CPU.ActiveCfg = Release|Any CPU
		{2355E4BE-0D17-4DC6-906C-E2303CF49DEF}.Release|Any CPU.Build.0 = Release|Any CPU
	EndGlobalSection
	GlobalSection(SolutionProperties) = preSolution
		HideSolutionNode = FALSE
	EndGlobalSection
	GlobalSection(ExtensibilityGlobals) = postSolution
		SolutionGuid = {E70A1CA4-1D65-4D22-94EE-0452EEF7F166}
	EndGlobalSection
EndGlobal
